
Microsoft Visual Studio Solution File, Format Version 12.00
# Visual Studio Version 16
VisualStudioVersion = 16.0.31112.23
MinimumVisualStudioVersion = 10.0.40219.1
Project("{FAE04EC0-301F-11D3-BF4B-00C04F79EFBC}") = "devops", "devops\devops.csproj", "{8743DEF4-A271-4395-A681-A2CCFECDE905}"
EndProject
Global
	GlobalSection(SolutionConfigurationPlatforms) = preSolution
		Debug|Any CPU = Debug|Any CPU
		Release|Any CPU = Release|Any CPU
	EndGlobalSection
	GlobalSection(ProjectConfigurationPlatforms) = postSolution
		{8743DEF4-A271-4395-A681-A2CCFECDE905}.Debug|Any CPU.ActiveCfg = Debug|Any CPU
		{8743DEF4-A271-4395-A681-A2CCFECDE905}.Debug|Any CPU.Build.0 = Debug|Any CPU
		{8743DEF4-A271-4395-A681-A2CCFECDE905}.Release|Any CPU.ActiveCfg = Release|Any CPU
		{8743DEF4-A271-4395-A681-A2CCFECDE905}.Release|Any CPU.Build.0 = Release|Any CPU
	EndGlobalSection
	GlobalSection(SolutionProperties) = preSolution
		HideSolutionNode = FALSE
	EndGlobalSection
	GlobalSection(ExtensibilityGlobals) = postSolution
		SolutionGuid = {1F25B4CF-478F-46DC-950A-1004DB5E055C}
	EndGlobalSection
EndGlobal
